
Microsoft Visual Studio Solution File, Format Version 12.00
# Visual Studio Version 16
VisualStudioVersion = 16.0.30804.86
MinimumVisualStudioVersion = 10.0.40219.1
Project("{9A19103F-16F7-4668-BE54-9A1E7A4F7556}") = "LucaasBot", "LucaasBot\LucaasBot.csproj", "{39CD11DC-0F9B-47B2-B34E-250D609092DB}"
EndProject
Global
	GlobalSection(SolutionConfigurationPlatforms) = preSolution
		Debug|Any CPU = Debug|Any CPU
		Release|Any CPU = Release|Any CPU
	EndGlobalSection
	GlobalSection(ProjectConfigurationPlatforms) = postSolution
		{39CD11DC-0F9B-47B2-B34E-250D609092DB}.Debug|Any CPU.ActiveCfg = Debug|Any CPU
		{39CD11DC-0F9B-47B2-B34E-250D609092DB}.Debug|Any CPU.Build.0 = Debug|Any CPU
		{39CD11DC-0F9B-47B2-B34E-250D609092DB}.Release|Any CPU.ActiveCfg = Release|Any CPU
		{39CD11DC-0F9B-47B2-B34E-250D609092DB}.Release|Any CPU.Build.0 = Release|Any CPU
	EndGlobalSection
	GlobalSection(SolutionProperties) = preSolution
		HideSolutionNode = FALSE
	EndGlobalSection
	GlobalSection(ExtensibilityGlobals) = postSolution
		SolutionGuid = {25790B15-9BBD-445F-8AA2-5C03BB4D33B9}
	EndGlobalSection
EndGlobal
